
Microsoft Visual Studio Solution File, Format Version 12.00
# Visual Studio Version 17
VisualStudioVersion = 17.5.002.0
MinimumVisualStudioVersion = 10.0.40219.1
Project("{2150E333-8FDC-42A3-9474-1A3956D46DE8}") = "test", "test", "{B730F692-8B2B-41D2-A689-4A590CCDAA85}"
EndProject
Project("{9A19103F-16F7-4668-BE54-9A1E7A4F7556}") = "serverless-blogging-platform.Tests", "test\serverless-blogging-platform.Tests\serverless-blogging-platform.Tests.csproj", "{6CFA2514-4AC2-4969-8602-E7740A46D3F4}"
EndProject
Project("{2150E333-8FDC-42A3-9474-1A3956D46DE8}") = "src", "src", "{29741E91-659A-4F5E-B856-89ECAECD95FE}"
EndProject
Project("{9A19103F-16F7-4668-BE54-9A1E7A4F7556}") = "serverless-blogging-platform", "src\serverless-blogging-platform\serverless-blogging-platform.csproj", "{9C1174AF-5A7F-4E59-B2D9-5FDEE785B6C9}"
EndProject
Global
	GlobalSection(SolutionConfigurationPlatforms) = preSolution
		Debug|Any CPU = Debug|Any CPU
		Release|Any CPU = Release|Any CPU
	EndGlobalSection
	GlobalSection(ProjectConfigurationPlatforms) = postSolution
		{6CFA2514-4AC2-4969-8602-E7740A46D3F4}.Debug|Any CPU.ActiveCfg = Debug|Any CPU
		{6CFA2514-4AC2-4969-8602-E7740A46D3F4}.Debug|Any CPU.Build.0 = Debug|Any CPU
		{6CFA2514-4AC2-4969-8602-E7740A46D3F4}.Release|Any CPU.ActiveCfg = Release|Any CPU
		{6CFA2514-4AC2-4969-8602-E7740A46D3F4}.Release|Any CPU.Build.0 = Release|Any CPU
		{9C1174AF-5A7F-4E59-B2D9-5FDEE785B6C9}.Debug|Any CPU.ActiveCfg = Debug|Any CPU
		{9C1174AF-5A7F-4E59-B2D9-5FDEE785B6C9}.Debug|Any CPU.Build.0 = Debug|Any CPU
		{9C1174AF-5A7F-4E59-B2D9-5FDEE785B6C9}.Release|Any CPU.ActiveCfg = Release|Any CPU
		{9C1174AF-5A7F-4E59-B2D9-5FDEE785B6C9}.Release|Any CPU.Build.0 = Release|Any CPU
	EndGlobalSection
	GlobalSection(SolutionProperties) = preSolution
		HideSolutionNode = FALSE
	EndGlobalSection
	GlobalSection(NestedProjects) = preSolution
		{6CFA2514-4AC2-4969-8602-E7740A46D3F4} = {B730F692-8B2B-41D2-A689-4A590CCDAA85}
		{9C1174AF-5A7F-4E59-B2D9-5FDEE785B6C9} = {29741E91-659A-4F5E-B856-89ECAECD95FE}
	EndGlobalSection
	GlobalSection(ExtensibilityGlobals) = postSolution
		SolutionGuid = {34D259B8-E80B-45DC-B700-BBDC20D00DA1}
	EndGlobalSection
EndGlobal
